// !$*UTF8*$!
{
	archiveVersion = 1;
	classes = {
	};
	objectVersion = 77;
	objects = {

/* Begin PBXBuildFile section */
		6D368BA22E02D2AA00144EE7 /* TitleNavigationBar.swift in Sources */ = {isa = PBXBuildFile; fileRef = 6D368BA12E02D2AA00144EE7 /* TitleNavigationBar.swift */; };
		6D368BA42E02D5E200144EE7 /* IconTitleNavigationBar.swift in Sources */ = {isa = PBXBuildFile; fileRef = 6D368BA32E02D5E200144EE7 /* IconTitleNavigationBar.swift */; };
		6D368BA82E02E92000144EE7 /* BackOnlyNavigationBar.swift in Sources */ = {isa = PBXBuildFile; fileRef = 6D368BA72E02E92000144EE7 /* BackOnlyNavigationBar.swift */; };
		6D368BAA2E02F39800144EE7 /* SearchNavigationBar.swift in Sources */ = {isa = PBXBuildFile; fileRef = 6D368BA92E02F39800144EE7 /* SearchNavigationBar.swift */; };
		6D368BAD2E0396C100144EE7 /* RegisterTextField.swift in Sources */ = {isa = PBXBuildFile; fileRef = 6D368BAC2E0396C100144EE7 /* RegisterTextField.swift */; };
		6D8D8AE02E013819003DABB2 /* SnapKit in Frameworks */ = {isa = PBXBuildFile; productRef = 6D8D8ADF2E013819003DABB2 /* SnapKit */; };
		6D8D8AE32E01386D003DABB2 /* PanModal in Frameworks */ = {isa = PBXBuildFile; productRef = 6D8D8AE22E01386D003DABB2 /* PanModal */; };
		6D8D8B132E01B338003DABB2 /* AtchaButton.swift in Sources */ = {isa = PBXBuildFile; fileRef = 6D8D8B122E01B338003DABB2 /* AtchaButton.swift */; };
		6D8D8B172E02BBC0003DABB2 /* AtchaNavigationBar.swift in Sources */ = {isa = PBXBuildFile; fileRef = 6D8D8B162E02BBC0003DABB2 /* AtchaNavigationBar.swift */; };
		B68309532E005A3600E2D029 /* AppDelegate.swift in Sources */ = {isa = PBXBuildFile; fileRef = B683093B2E005A3600E2D029 /* AppDelegate.swift */; };
		B68309542E005A3600E2D029 /* SceneDelegate.swift in Sources */ = {isa = PBXBuildFile; fileRef = B683093C2E005A3600E2D029 /* SceneDelegate.swift */; };
		B68309552E005A3600E2D029 /* AtchaColor.swift in Sources */ = {isa = PBXBuildFile; fileRef = B683093E2E005A3600E2D029 /* AtchaColor.swift */; };
		B68309562E005A3600E2D029 /* AtchaFont.swift in Sources */ = {isa = PBXBuildFile; fileRef = B68309412E005A3600E2D029 /* AtchaFont.swift */; };
		B68309572E005A3600E2D029 /* ViewController.swift in Sources */ = {isa = PBXBuildFile; fileRef = B68309512E005A3600E2D029 /* ViewController.swift */; };
		B68309582E005A3600E2D029 /* Colors.xcassets in Resources */ = {isa = PBXBuildFile; fileRef = B683093F2E005A3600E2D029 /* Colors.xcassets */; };
		B68309592E005A3600E2D029 /* Pretendard-Bold.otf in Resources */ = {isa = PBXBuildFile; fileRef = B68309422E005A3600E2D029 /* Pretendard-Bold.otf */; };
		B683095A2E005A3600E2D029 /* Pretendard-ExtraBold.otf in Resources */ = {isa = PBXBuildFile; fileRef = B68309432E005A3600E2D029 /* Pretendard-ExtraBold.otf */; };
		B683095B2E005A3600E2D029 /* Pretendard-Medium.otf in Resources */ = {isa = PBXBuildFile; fileRef = B68309442E005A3600E2D029 /* Pretendard-Medium.otf */; };
		B683095C2E005A3600E2D029 /* Pretendard-Regular.otf in Resources */ = {isa = PBXBuildFile; fileRef = B68309452E005A3600E2D029 /* Pretendard-Regular.otf */; };
		B683095D2E005A3600E2D029 /* Pretendard-SemiBold.otf in Resources */ = {isa = PBXBuildFile; fileRef = B68309462E005A3600E2D029 /* Pretendard-SemiBold.otf */; };
		B683095E2E005A3600E2D029 /* Icon.xcassets in Resources */ = {isa = PBXBuildFile; fileRef = B68309482E005A3600E2D029 /* Icon.xcassets */; };
		B683095F2E005A3600E2D029 /* Assets.xcassets in Resources */ = {isa = PBXBuildFile; fileRef = B683094A2E005A3600E2D029 /* Assets.xcassets */; };
		B68309612E005A3600E2D029 /* LaunchScreen.storyboard in Resources */ = {isa = PBXBuildFile; fileRef = B683094E2E005A3600E2D029 /* LaunchScreen.storyboard */; };
		B68309622E005A3600E2D029 /* Main.storyboard in Resources */ = {isa = PBXBuildFile; fileRef = B68309502E005A3600E2D029 /* Main.storyboard */; };
		B68309672E005B5300E2D029 /* UIView+Ext.swift in Sources */ = {isa = PBXBuildFile; fileRef = B68309662E005B5300E2D029 /* UIView+Ext.swift */; };
		B6D083302E02CC76003C28E1 /* AtchaToast.swift in Sources */ = {isa = PBXBuildFile; fileRef = B6D0832F2E02CC76003C28E1 /* AtchaToast.swift */; };
		B6D083332E02D8F5003C28E1 /* AtchaList.swift in Sources */ = {isa = PBXBuildFile; fileRef = B6D083322E02D8F5003C28E1 /* AtchaList.swift */; };
		B6D083352E02D928003C28E1 /* AtchaListType.swift in Sources */ = {isa = PBXBuildFile; fileRef = B6D083342E02D928003C28E1 /* AtchaListType.swift */; };
/* End PBXBuildFile section */

/* Begin PBXFileReference section */
		6D368BA12E02D2AA00144EE7 /* TitleNavigationBar.swift */ = {isa = PBXFileReference; lastKnownFileType = sourcecode.swift; path = TitleNavigationBar.swift; sourceTree = "<group>"; };
		6D368BA32E02D5E200144EE7 /* IconTitleNavigationBar.swift */ = {isa = PBXFileReference; lastKnownFileType = sourcecode.swift; path = IconTitleNavigationBar.swift; sourceTree = "<group>"; };
		6D368BA72E02E92000144EE7 /* BackOnlyNavigationBar.swift */ = {isa = PBXFileReference; lastKnownFileType = sourcecode.swift; path = BackOnlyNavigationBar.swift; sourceTree = "<group>"; };
		6D368BA92E02F39800144EE7 /* SearchNavigationBar.swift */ = {isa = PBXFileReference; lastKnownFileType = sourcecode.swift; path = SearchNavigationBar.swift; sourceTree = "<group>"; };
		6D368BAC2E0396C100144EE7 /* RegisterTextField.swift */ = {isa = PBXFileReference; lastKnownFileType = sourcecode.swift; path = RegisterTextField.swift; sourceTree = "<group>"; };
		6D8D8B122E01B338003DABB2 /* AtchaButton.swift */ = {isa = PBXFileReference; lastKnownFileType = sourcecode.swift; path = AtchaButton.swift; sourceTree = "<group>"; };
		6D8D8B162E02BBC0003DABB2 /* AtchaNavigationBar.swift */ = {isa = PBXFileReference; lastKnownFileType = sourcecode.swift; path = AtchaNavigationBar.swift; sourceTree = "<group>"; };
		6DE42B8D2DFDE6360041344C /* Atcha-iOS.app */ = {isa = PBXFileReference; explicitFileType = wrapper.application; includeInIndex = 0; path = "Atcha-iOS.app"; sourceTree = BUILT_PRODUCTS_DIR; };
		B683093B2E005A3600E2D029 /* AppDelegate.swift */ = {isa = PBXFileReference; lastKnownFileType = sourcecode.swift; path = AppDelegate.swift; sourceTree = "<group>"; };
		B683093C2E005A3600E2D029 /* SceneDelegate.swift */ = {isa = PBXFileReference; lastKnownFileType = sourcecode.swift; path = SceneDelegate.swift; sourceTree = "<group>"; };
		B683093E2E005A3600E2D029 /* AtchaColor.swift */ = {isa = PBXFileReference; lastKnownFileType = sourcecode.swift; path = AtchaColor.swift; sourceTree = "<group>"; };
		B683093F2E005A3600E2D029 /* Colors.xcassets */ = {isa = PBXFileReference; lastKnownFileType = folder.assetcatalog; path = Colors.xcassets; sourceTree = "<group>"; };
		B68309412E005A3600E2D029 /* AtchaFont.swift */ = {isa = PBXFileReference; lastKnownFileType = sourcecode.swift; path = AtchaFont.swift; sourceTree = "<group>"; };
		B68309422E005A3600E2D029 /* Pretendard-Bold.otf */ = {isa = PBXFileReference; lastKnownFileType = file; path = "Pretendard-Bold.otf"; sourceTree = "<group>"; };
		B68309432E005A3600E2D029 /* Pretendard-ExtraBold.otf */ = {isa = PBXFileReference; lastKnownFileType = file; path = "Pretendard-ExtraBold.otf"; sourceTree = "<group>"; };
		B68309442E005A3600E2D029 /* Pretendard-Medium.otf */ = {isa = PBXFileReference; lastKnownFileType = file; path = "Pretendard-Medium.otf"; sourceTree = "<group>"; };
		B68309452E005A3600E2D029 /* Pretendard-Regular.otf */ = {isa = PBXFileReference; lastKnownFileType = file; path = "Pretendard-Regular.otf"; sourceTree = "<group>"; };
		B68309462E005A3600E2D029 /* Pretendard-SemiBold.otf */ = {isa = PBXFileReference; lastKnownFileType = file; path = "Pretendard-SemiBold.otf"; sourceTree = "<group>"; };
		B68309482E005A3600E2D029 /* Icon.xcassets */ = {isa = PBXFileReference; lastKnownFileType = folder.assetcatalog; path = Icon.xcassets; sourceTree = "<group>"; };
		B683094A2E005A3600E2D029 /* Assets.xcassets */ = {isa = PBXFileReference; lastKnownFileType = folder.assetcatalog; path = Assets.xcassets; sourceTree = "<group>"; };
		B683094C2E005A3600E2D029 /* Info.plist */ = {isa = PBXFileReference; lastKnownFileType = text.plist.xml; path = Info.plist; sourceTree = "<group>"; };
		B683094D2E005A3600E2D029 /* Base */ = {isa = PBXFileReference; lastKnownFileType = file.storyboard; name = Base; path = Base.lproj/LaunchScreen.storyboard; sourceTree = "<group>"; };
		B683094F2E005A3600E2D029 /* Base */ = {isa = PBXFileReference; lastKnownFileType = file.storyboard; name = Base; path = Base.lproj/Main.storyboard; sourceTree = "<group>"; };
		B68309512E005A3600E2D029 /* ViewController.swift */ = {isa = PBXFileReference; lastKnownFileType = sourcecode.swift; path = ViewController.swift; sourceTree = "<group>"; };
		B68309632E005ADE00E2D029 /* .gitignore */ = {isa = PBXFileReference; lastKnownFileType = text; path = .gitignore; sourceTree = "<group>"; };
		B68309662E005B5300E2D029 /* UIView+Ext.swift */ = {isa = PBXFileReference; lastKnownFileType = sourcecode.swift; path = "UIView+Ext.swift"; sourceTree = "<group>"; };
		B6D0832F2E02CC76003C28E1 /* AtchaToast.swift */ = {isa = PBXFileReference; lastKnownFileType = sourcecode.swift; path = AtchaToast.swift; sourceTree = "<group>"; };
		B6D083322E02D8F5003C28E1 /* AtchaList.swift */ = {isa = PBXFileReference; lastKnownFileType = sourcecode.swift; path = AtchaList.swift; sourceTree = "<group>"; };
		B6D083342E02D928003C28E1 /* AtchaListType.swift */ = {isa = PBXFileReference; lastKnownFileType = sourcecode.swift; path = AtchaListType.swift; sourceTree = "<group>"; };
/* End PBXFileReference section */

/* Begin PBXFrameworksBuildPhase section */
		6DE42B8A2DFDE6360041344C /* Frameworks */ = {
			isa = PBXFrameworksBuildPhase;
			buildActionMask = 2147483647;
			files = (
				6D8D8AE32E01386D003DABB2 /* PanModal in Frameworks */,
				6D8D8AE02E013819003DABB2 /* SnapKit in Frameworks */,
			);
			runOnlyForDeploymentPostprocessing = 0;
		};
/* End PBXFrameworksBuildPhase section */

/* Begin PBXGroup section */
		6D368BAB2E0396B100144EE7 /* AtchaTextField */ = {
			isa = PBXGroup;
			children = (
				6D368BAC2E0396C100144EE7 /* RegisterTextField.swift */,
			);
			path = AtchaTextField;
			sourceTree = "<group>";
		};
		6D8D8B112E01B326003DABB2 /* AtchaButton */ = {
			isa = PBXGroup;
			children = (
				6D8D8B122E01B338003DABB2 /* AtchaButton.swift */,
			);
			path = AtchaButton;
			sourceTree = "<group>";
		};
		6D8D8B152E02BBA3003DABB2 /* AtchaNavigationBar */ = {
			isa = PBXGroup;
			children = (
				6D8D8B162E02BBC0003DABB2 /* AtchaNavigationBar.swift */,
				6D368BA12E02D2AA00144EE7 /* TitleNavigationBar.swift */,
				6D368BA32E02D5E200144EE7 /* IconTitleNavigationBar.swift */,
				6D368BA72E02E92000144EE7 /* BackOnlyNavigationBar.swift */,
				6D368BA92E02F39800144EE7 /* SearchNavigationBar.swift */,
			);
			path = AtchaNavigationBar;
			sourceTree = "<group>";
		};
		6DE42B842DFDE6360041344C = {
			isa = PBXGroup;
			children = (
				B68309632E005ADE00E2D029 /* .gitignore */,
				B68309522E005A3600E2D029 /* Atcha-iOS */,
				6DE42B8E2DFDE6360041344C /* Products */,
			);
			sourceTree = "<group>";
		};
		6DE42B8E2DFDE6360041344C /* Products */ = {
			isa = PBXGroup;
			children = (
				6DE42B8D2DFDE6360041344C /* Atcha-iOS.app */,
			);
			name = Products;
			sourceTree = "<group>";
		};
		B683093D2E005A3600E2D029 /* Delegate */ = {
			isa = PBXGroup;
			children = (
				B683093B2E005A3600E2D029 /* AppDelegate.swift */,
				B683093C2E005A3600E2D029 /* SceneDelegate.swift */,
			);
			path = Delegate;
			sourceTree = "<group>";
		};
		B68309402E005A3600E2D029 /* AtchaColor */ = {
			isa = PBXGroup;
			children = (
				B683093E2E005A3600E2D029 /* AtchaColor.swift */,
				B683093F2E005A3600E2D029 /* Colors.xcassets */,
			);
			path = AtchaColor;
			sourceTree = "<group>";
		};
		B68309472E005A3600E2D029 /* AtchaFont */ = {
			isa = PBXGroup;
			children = (
				B68309412E005A3600E2D029 /* AtchaFont.swift */,
				B68309422E005A3600E2D029 /* Pretendard-Bold.otf */,
				B68309432E005A3600E2D029 /* Pretendard-ExtraBold.otf */,
				B68309442E005A3600E2D029 /* Pretendard-Medium.otf */,
				B68309452E005A3600E2D029 /* Pretendard-Regular.otf */,
				B68309462E005A3600E2D029 /* Pretendard-SemiBold.otf */,
			);
			path = AtchaFont;
			sourceTree = "<group>";
		};
		B68309492E005A3600E2D029 /* AtchaImage */ = {
			isa = PBXGroup;
			children = (
				B68309482E005A3600E2D029 /* Icon.xcassets */,
			);
			path = AtchaImage;
			sourceTree = "<group>";
		};
		B683094B2E005A3600E2D029 /* DesignSource */ = {
			isa = PBXGroup;
			children = (
				6D368BAB2E0396B100144EE7 /* AtchaTextField */,
				6D8D8B152E02BBA3003DABB2 /* AtchaNavigationBar */,
				B6D083312E02D8E9003C28E1 /* AtchaList */,
				B6D0832E2E02CC63003C28E1 /* AtchaToast */,
				6D8D8B112E01B326003DABB2 /* AtchaButton */,
				B68309402E005A3600E2D029 /* AtchaColor */,
				B68309472E005A3600E2D029 /* AtchaFont */,
				B68309492E005A3600E2D029 /* AtchaImage */,
				B683094A2E005A3600E2D029 /* Assets.xcassets */,
			);
			path = DesignSource;
			sourceTree = "<group>";
		};
		B68309522E005A3600E2D029 /* Atcha-iOS */ = {
			isa = PBXGroup;
			children = (
				B68309642E005B3C00E2D029 /* Core */,
				B683093D2E005A3600E2D029 /* Delegate */,
				B683094B2E005A3600E2D029 /* DesignSource */,
				B683094C2E005A3600E2D029 /* Info.plist */,
				B683094E2E005A3600E2D029 /* LaunchScreen.storyboard */,
				B68309502E005A3600E2D029 /* Main.storyboard */,
				B68309512E005A3600E2D029 /* ViewController.swift */,
			);
			path = "Atcha-iOS";
			sourceTree = "<group>";
		};
		B68309642E005B3C00E2D029 /* Core */ = {
			isa = PBXGroup;
			children = (
				B68309652E005B3F00E2D029 /* Util */,
			);
			path = Core;
			sourceTree = "<group>";
		};
		B68309652E005B3F00E2D029 /* Util */ = {
			isa = PBXGroup;
			children = (
				B68309662E005B5300E2D029 /* UIView+Ext.swift */,
			);
			path = Util;
			sourceTree = "<group>";
		};
		B6D0832E2E02CC63003C28E1 /* AtchaToast */ = {
			isa = PBXGroup;
			children = (
				B6D0832F2E02CC76003C28E1 /* AtchaToast.swift */,
			);
			path = AtchaToast;
			sourceTree = "<group>";
		};
		B6D083312E02D8E9003C28E1 /* AtchaList */ = {
			isa = PBXGroup;
			children = (
				B6D083322E02D8F5003C28E1 /* AtchaList.swift */,
				B6D083342E02D928003C28E1 /* AtchaListType.swift */,
			);
			path = AtchaList;
			sourceTree = "<group>";
		};
/* End PBXGroup section */

/* Begin PBXNativeTarget section */
		6DE42B8C2DFDE6360041344C /* Atcha-iOS */ = {
			isa = PBXNativeTarget;
			buildConfigurationList = 6DE42BA02DFDE6370041344C /* Build configuration list for PBXNativeTarget "Atcha-iOS" */;
			buildPhases = (
				6DE42B892DFDE6360041344C /* Sources */,
				6DE42B8A2DFDE6360041344C /* Frameworks */,
				6DE42B8B2DFDE6360041344C /* Resources */,
			);
			buildRules = (
			);
			dependencies = (
			);
			name = "Atcha-iOS";
			packageProductDependencies = (
				6D8D8ADF2E013819003DABB2 /* SnapKit */,
				6D8D8AE22E01386D003DABB2 /* PanModal */,
			);
			productName = "Atcha-iOS";
			productReference = 6DE42B8D2DFDE6360041344C /* Atcha-iOS.app */;
			productType = "com.apple.product-type.application";
		};
/* End PBXNativeTarget section */

/* Begin PBXProject section */
		6DE42B852DFDE6360041344C /* Project object */ = {
			isa = PBXProject;
			attributes = {
				BuildIndependentTargetsInParallel = 1;
				LastSwiftUpdateCheck = 1640;
				LastUpgradeCheck = 1640;
				TargetAttributes = {
					6DE42B8C2DFDE6360041344C = {
						CreatedOnToolsVersion = 16.4;
					};
				};
			};
			buildConfigurationList = 6DE42B882DFDE6360041344C /* Build configuration list for PBXProject "Atcha-iOS" */;
			developmentRegion = en;
			hasScannedForEncodings = 0;
			knownRegions = (
				en,
				Base,
			);
			mainGroup = 6DE42B842DFDE6360041344C;
			minimizedProjectReferenceProxies = 1;
			packageReferences = (
				6D8D8ADE2E013819003DABB2 /* XCRemoteSwiftPackageReference "SnapKit" */,
				6D8D8AE12E01386D003DABB2 /* XCRemoteSwiftPackageReference "PanModal" */,
			);
			preferredProjectObjectVersion = 77;
			productRefGroup = 6DE42B8E2DFDE6360041344C /* Products */;
			projectDirPath = "";
			projectRoot = "";
			targets = (
				6DE42B8C2DFDE6360041344C /* Atcha-iOS */,
			);
		};
/* End PBXProject section */

/* Begin PBXResourcesBuildPhase section */
		6DE42B8B2DFDE6360041344C /* Resources */ = {
			isa = PBXResourcesBuildPhase;
			buildActionMask = 2147483647;
			files = (
				B68309582E005A3600E2D029 /* Colors.xcassets in Resources */,
				B68309592E005A3600E2D029 /* Pretendard-Bold.otf in Resources */,
				B683095A2E005A3600E2D029 /* Pretendard-ExtraBold.otf in Resources */,
				B683095B2E005A3600E2D029 /* Pretendard-Medium.otf in Resources */,
				B683095C2E005A3600E2D029 /* Pretendard-Regular.otf in Resources */,
				B683095D2E005A3600E2D029 /* Pretendard-SemiBold.otf in Resources */,
				B683095E2E005A3600E2D029 /* Icon.xcassets in Resources */,
				B683095F2E005A3600E2D029 /* Assets.xcassets in Resources */,
				B68309612E005A3600E2D029 /* LaunchScreen.storyboard in Resources */,
				B68309622E005A3600E2D029 /* Main.storyboard in Resources */,
			);
			runOnlyForDeploymentPostprocessing = 0;
		};
/* End PBXResourcesBuildPhase section */

/* Begin PBXSourcesBuildPhase section */
		6DE42B892DFDE6360041344C /* Sources */ = {
			isa = PBXSourcesBuildPhase;
			buildActionMask = 2147483647;
			files = (
				6D368BAD2E0396C100144EE7 /* RegisterTextField.swift in Sources */,
				B68309532E005A3600E2D029 /* AppDelegate.swift in Sources */,
				6D8D8B172E02BBC0003DABB2 /* AtchaNavigationBar.swift in Sources */,
				B68309542E005A3600E2D029 /* SceneDelegate.swift in Sources */,
				6D8D8B132E01B338003DABB2 /* AtchaButton.swift in Sources */,
				6D368BA42E02D5E200144EE7 /* IconTitleNavigationBar.swift in Sources */,
				B68309672E005B5300E2D029 /* UIView+Ext.swift in Sources */,
				B68309552E005A3600E2D029 /* AtchaColor.swift in Sources */,
				6D368BAA2E02F39800144EE7 /* SearchNavigationBar.swift in Sources */,
				6D368BA22E02D2AA00144EE7 /* TitleNavigationBar.swift in Sources */,
				B68309562E005A3600E2D029 /* AtchaFont.swift in Sources */,
				6D368BA82E02E92000144EE7 /* BackOnlyNavigationBar.swift in Sources */,
				B68309572E005A3600E2D029 /* ViewController.swift in Sources */,
				B6D083352E02D928003C28E1 /* AtchaListType.swift in Sources */,
				B6D083302E02CC76003C28E1 /* AtchaToast.swift in Sources */,
				B6D083332E02D8F5003C28E1 /* AtchaList.swift in Sources */,
			);
			runOnlyForDeploymentPostprocessing = 0;
		};
/* End PBXSourcesBuildPhase section */

/* Begin PBXVariantGroup section */
		B683094E2E005A3600E2D029 /* LaunchScreen.storyboard */ = {
			isa = PBXVariantGroup;
			children = (
				B683094D2E005A3600E2D029 /* Base */,
			);
			name = LaunchScreen.storyboard;
			sourceTree = "<group>";
		};
		B68309502E005A3600E2D029 /* Main.storyboard */ = {
			isa = PBXVariantGroup;
			children = (
				B683094F2E005A3600E2D029 /* Base */,
			);
			name = Main.storyboard;
			sourceTree = "<group>";
		};
/* End PBXVariantGroup section */

/* Begin XCBuildConfiguration section */
		6DE42BA12DFDE6370041344C /* Debug */ = {
			isa = XCBuildConfiguration;
			buildSettings = {
				ASSETCATALOG_COMPILER_APPICON_NAME = AppIcon;
				ASSETCATALOG_COMPILER_GLOBAL_ACCENT_COLOR_NAME = AccentColor;
				CODE_SIGN_STYLE = Automatic;
				CURRENT_PROJECT_VERSION = 1;
				DEVELOPMENT_TEAM = 23SCTLK482;
				GENERATE_INFOPLIST_FILE = YES;
				INFOPLIST_FILE = "Atcha-iOS/Info.plist";
				INFOPLIST_KEY_LSApplicationCategoryType = "public.app-category.lifestyle";
				INFOPLIST_KEY_UIApplicationSupportsIndirectInputEvents = YES;
				INFOPLIST_KEY_UILaunchStoryboardName = LaunchScreen;
				INFOPLIST_KEY_UIMainStoryboardFile = Main;
				INFOPLIST_KEY_UISupportedInterfaceOrientations = UIInterfaceOrientationPortrait;
				IPHONEOS_DEPLOYMENT_TARGET = 16.1;
				LD_RUNPATH_SEARCH_PATHS = (
					"$(inherited)",
					"@executable_path/Frameworks",
				);
				MARKETING_VERSION = 1.0;
				PRODUCT_BUNDLE_IDENTIFIER = com.Atcha;
				PRODUCT_NAME = "$(TARGET_NAME)";
				SUPPORTED_PLATFORMS = "iphoneos iphonesimulator";
				SUPPORTS_MACCATALYST = NO;
				SUPPORTS_MAC_DESIGNED_FOR_IPHONE_IPAD = NO;
				SUPPORTS_XR_DESIGNED_FOR_IPHONE_IPAD = NO;
				SWIFT_EMIT_LOC_STRINGS = YES;
				SWIFT_VERSION = 5.0;
				TARGETED_DEVICE_FAMILY = 1;
			};
			name = Debug;
		};
		6DE42BA22DFDE6370041344C /* Release */ = {
			isa = XCBuildConfiguration;
			buildSettings = {
				ASSETCATALOG_COMPILER_APPICON_NAME = AppIcon;
				ASSETCATALOG_COMPILER_GLOBAL_ACCENT_COLOR_NAME = AccentColor;
				CODE_SIGN_STYLE = Automatic;
				CURRENT_PROJECT_VERSION = 1;
				DEVELOPMENT_TEAM = 23SCTLK482;
				GENERATE_INFOPLIST_FILE = YES;
				INFOPLIST_FILE = "Atcha-iOS/Info.plist";
				INFOPLIST_KEY_LSApplicationCategoryType = "public.app-category.lifestyle";
				INFOPLIST_KEY_UIApplicationSupportsIndirectInputEvents = YES;
				INFOPLIST_KEY_UILaunchStoryboardName = LaunchScreen;
				INFOPLIST_KEY_UIMainStoryboardFile = Main;
				INFOPLIST_KEY_UISupportedInterfaceOrientations = UIInterfaceOrientationPortrait;
				IPHONEOS_DEPLOYMENT_TARGET = 16.1;
				LD_RUNPATH_SEARCH_PATHS = (
					"$(inherited)",
					"@executable_path/Frameworks",
				);
				MARKETING_VERSION = 1.0;
				PRODUCT_BUNDLE_IDENTIFIER = com.Atcha;
				PRODUCT_NAME = "$(TARGET_NAME)";
				SUPPORTED_PLATFORMS = "iphoneos iphonesimulator";
				SUPPORTS_MACCATALYST = NO;
				SUPPORTS_MAC_DESIGNED_FOR_IPHONE_IPAD = NO;
				SUPPORTS_XR_DESIGNED_FOR_IPHONE_IPAD = NO;
				SWIFT_EMIT_LOC_STRINGS = YES;
				SWIFT_VERSION = 5.0;
				TARGETED_DEVICE_FAMILY = 1;
			};
			name = Release;
		};
		6DE42BA32DFDE6370041344C /* Debug */ = {
			isa = XCBuildConfiguration;
			buildSettings = {
				ALWAYS_SEARCH_USER_PATHS = NO;
				ASSETCATALOG_COMPILER_GENERATE_SWIFT_ASSET_SYMBOL_EXTENSIONS = YES;
				CLANG_ANALYZER_NONNULL = YES;
				CLANG_ANALYZER_NUMBER_OBJECT_CONVERSION = YES_AGGRESSIVE;
				CLANG_CXX_LANGUAGE_STANDARD = "gnu++20";
				CLANG_ENABLE_MODULES = YES;
				CLANG_ENABLE_OBJC_ARC = YES;
				CLANG_ENABLE_OBJC_WEAK = YES;
				CLANG_WARN_BLOCK_CAPTURE_AUTORELEASING = YES;
				CLANG_WARN_BOOL_CONVERSION = YES;
				CLANG_WARN_COMMA = YES;
				CLANG_WARN_CONSTANT_CONVERSION = YES;
				CLANG_WARN_DEPRECATED_OBJC_IMPLEMENTATIONS = YES;
				CLANG_WARN_DIRECT_OBJC_ISA_USAGE = YES_ERROR;
				CLANG_WARN_DOCUMENTATION_COMMENTS = YES;
				CLANG_WARN_EMPTY_BODY = YES;
				CLANG_WARN_ENUM_CONVERSION = YES;
				CLANG_WARN_INFINITE_RECURSION = YES;
				CLANG_WARN_INT_CONVERSION = YES;
				CLANG_WARN_NON_LITERAL_NULL_CONVERSION = YES;
				CLANG_WARN_OBJC_IMPLICIT_RETAIN_SELF = YES;
				CLANG_WARN_OBJC_LITERAL_CONVERSION = YES;
				CLANG_WARN_OBJC_ROOT_CLASS = YES_ERROR;
				CLANG_WARN_QUOTED_INCLUDE_IN_FRAMEWORK_HEADER = YES;
				CLANG_WARN_RANGE_LOOP_ANALYSIS = YES;
				CLANG_WARN_STRICT_PROTOTYPES = YES;
				CLANG_WARN_SUSPICIOUS_MOVE = YES;
				CLANG_WARN_UNGUARDED_AVAILABILITY = YES_AGGRESSIVE;
				CLANG_WARN_UNREACHABLE_CODE = YES;
				CLANG_WARN__DUPLICATE_METHOD_MATCH = YES;
				COPY_PHASE_STRIP = NO;
				DEBUG_INFORMATION_FORMAT = dwarf;
				DEVELOPMENT_TEAM = 23SCTLK482;
				ENABLE_STRICT_OBJC_MSGSEND = YES;
				ENABLE_TESTABILITY = YES;
				ENABLE_USER_SCRIPT_SANDBOXING = YES;
				GCC_C_LANGUAGE_STANDARD = gnu17;
				GCC_DYNAMIC_NO_PIC = NO;
				GCC_NO_COMMON_BLOCKS = YES;
				GCC_OPTIMIZATION_LEVEL = 0;
				GCC_PREPROCESSOR_DEFINITIONS = (
					"DEBUG=1",
					"$(inherited)",
				);
				GCC_WARN_64_TO_32_BIT_CONVERSION = YES;
				GCC_WARN_ABOUT_RETURN_TYPE = YES_ERROR;
				GCC_WARN_UNDECLARED_SELECTOR = YES;
				GCC_WARN_UNINITIALIZED_AUTOS = YES_AGGRESSIVE;
				GCC_WARN_UNUSED_FUNCTION = YES;
				GCC_WARN_UNUSED_VARIABLE = YES;
				IPHONEOS_DEPLOYMENT_TARGET = 18.5;
				LOCALIZATION_PREFERS_STRING_CATALOGS = YES;
				MTL_ENABLE_DEBUG_INFO = INCLUDE_SOURCE;
				MTL_FAST_MATH = YES;
				ONLY_ACTIVE_ARCH = YES;
				SDKROOT = iphoneos;
				SWIFT_ACTIVE_COMPILATION_CONDITIONS = "DEBUG $(inherited)";
				SWIFT_OPTIMIZATION_LEVEL = "-Onone";
			};
			name = Debug;
		};
		6DE42BA42DFDE6370041344C /* Release */ = {
			isa = XCBuildConfiguration;
			buildSettings = {
				ALWAYS_SEARCH_USER_PATHS = NO;
				ASSETCATALOG_COMPILER_GENERATE_SWIFT_ASSET_SYMBOL_EXTENSIONS = YES;
				CLANG_ANALYZER_NONNULL = YES;
				CLANG_ANALYZER_NUMBER_OBJECT_CONVERSION = YES_AGGRESSIVE;
				CLANG_CXX_LANGUAGE_STANDARD = "gnu++20";
				CLANG_ENABLE_MODULES = YES;
				CLANG_ENABLE_OBJC_ARC = YES;
				CLANG_ENABLE_OBJC_WEAK = YES;
				CLANG_WARN_BLOCK_CAPTURE_AUTORELEASING = YES;
				CLANG_WARN_BOOL_CONVERSION = YES;
				CLANG_WARN_COMMA = YES;
				CLANG_WARN_CONSTANT_CONVERSION = YES;
				CLANG_WARN_DEPRECATED_OBJC_IMPLEMENTATIONS = YES;
				CLANG_WARN_DIRECT_OBJC_ISA_USAGE = YES_ERROR;
				CLANG_WARN_DOCUMENTATION_COMMENTS = YES;
				CLANG_WARN_EMPTY_BODY = YES;
				CLANG_WARN_ENUM_CONVERSION = YES;
				CLANG_WARN_INFINITE_RECURSION = YES;
				CLANG_WARN_INT_CONVERSION = YES;
				CLANG_WARN_NON_LITERAL_NULL_CONVERSION = YES;
				CLANG_WARN_OBJC_IMPLICIT_RETAIN_SELF = YES;
				CLANG_WARN_OBJC_LITERAL_CONVERSION = YES;
				CLANG_WARN_OBJC_ROOT_CLASS = YES_ERROR;
				CLANG_WARN_QUOTED_INCLUDE_IN_FRAMEWORK_HEADER = YES;
				CLANG_WARN_RANGE_LOOP_ANALYSIS = YES;
				CLANG_WARN_STRICT_PROTOTYPES = YES;
				CLANG_WARN_SUSPICIOUS_MOVE = YES;
				CLANG_WARN_UNGUARDED_AVAILABILITY = YES_AGGRESSIVE;
				CLANG_WARN_UNREACHABLE_CODE = YES;
				CLANG_WARN__DUPLICATE_METHOD_MATCH = YES;
				COPY_PHASE_STRIP = NO;
				DEBUG_INFORMATION_FORMAT = "dwarf-with-dsym";
				DEVELOPMENT_TEAM = 23SCTLK482;
				ENABLE_NS_ASSERTIONS = NO;
				ENABLE_STRICT_OBJC_MSGSEND = YES;
				ENABLE_USER_SCRIPT_SANDBOXING = YES;
				GCC_C_LANGUAGE_STANDARD = gnu17;
				GCC_NO_COMMON_BLOCKS = YES;
				GCC_WARN_64_TO_32_BIT_CONVERSION = YES;
				GCC_WARN_ABOUT_RETURN_TYPE = YES_ERROR;
				GCC_WARN_UNDECLARED_SELECTOR = YES;
				GCC_WARN_UNINITIALIZED_AUTOS = YES_AGGRESSIVE;
				GCC_WARN_UNUSED_FUNCTION = YES;
				GCC_WARN_UNUSED_VARIABLE = YES;
				IPHONEOS_DEPLOYMENT_TARGET = 18.5;
				LOCALIZATION_PREFERS_STRING_CATALOGS = YES;
				MTL_ENABLE_DEBUG_INFO = NO;
				MTL_FAST_MATH = YES;
				SDKROOT = iphoneos;
				SWIFT_COMPILATION_MODE = wholemodule;
				VALIDATE_PRODUCT = YES;
			};
			name = Release;
		};
/* End XCBuildConfiguration section */

/* Begin XCConfigurationList section */
		6DE42B882DFDE6360041344C /* Build configuration list for PBXProject "Atcha-iOS" */ = {
			isa = XCConfigurationList;
			buildConfigurations = (
				6DE42BA32DFDE6370041344C /* Debug */,
				6DE42BA42DFDE6370041344C /* Release */,
			);
			defaultConfigurationIsVisible = 0;
			defaultConfigurationName = Release;
		};
		6DE42BA02DFDE6370041344C /* Build configuration list for PBXNativeTarget "Atcha-iOS" */ = {
			isa = XCConfigurationList;
			buildConfigurations = (
				6DE42BA12DFDE6370041344C /* Debug */,
				6DE42BA22DFDE6370041344C /* Release */,
			);
			defaultConfigurationIsVisible = 0;
			defaultConfigurationName = Release;
		};
/* End XCConfigurationList section */

/* Begin XCRemoteSwiftPackageReference section */
		6D8D8ADE2E013819003DABB2 /* XCRemoteSwiftPackageReference "SnapKit" */ = {
			isa = XCRemoteSwiftPackageReference;
			repositoryURL = "https://github.com/SnapKit/SnapKit.git";
			requirement = {
				kind = upToNextMajorVersion;
				minimumVersion = 5.7.1;
			};
		};
		6D8D8AE12E01386D003DABB2 /* XCRemoteSwiftPackageReference "PanModal" */ = {
			isa = XCRemoteSwiftPackageReference;
			repositoryURL = "https://github.com/slackhq/PanModal.git";
			requirement = {
				kind = upToNextMajorVersion;
				minimumVersion = 1.2.7;
			};
		};
/* End XCRemoteSwiftPackageReference section */

/* Begin XCSwiftPackageProductDependency section */
		6D8D8ADF2E013819003DABB2 /* SnapKit */ = {
			isa = XCSwiftPackageProductDependency;
			package = 6D8D8ADE2E013819003DABB2 /* XCRemoteSwiftPackageReference "SnapKit" */;
			productName = SnapKit;
		};
		6D8D8AE22E01386D003DABB2 /* PanModal */ = {
			isa = XCSwiftPackageProductDependency;
			package = 6D8D8AE12E01386D003DABB2 /* XCRemoteSwiftPackageReference "PanModal" */;
			productName = PanModal;
		};
/* End XCSwiftPackageProductDependency section */
	};
	rootObject = 6DE42B852DFDE6360041344C /* Project object */;
}
